// !$*UTF8*$!
{
	archiveVersion = 1;
	classes = {
	};
	objectVersion = 56;
	objects = {

/* Begin PBXBuildFile section */
		3810EB632A782363009E0F1B /* EmptyData.swift in Sources */ = {isa = PBXBuildFile; fileRef = 3810EB622A782363009E0F1B /* EmptyData.swift */; };
		383A46942A7CEBF600A16FE4 /* GADAdapterStatusEnvironmentKey.swift in Sources */ = {isa = PBXBuildFile; fileRef = 383A46932A7CEBF600A16FE4 /* GADAdapterStatusEnvironmentKey.swift */; };
		3875BC362A88E14C0087A1E6 /* Shared.docc in Sources */ = {isa = PBXBuildFile; fileRef = 3875BC352A88E14C0087A1E6 /* Shared.docc */; };
		3875BC3C2A88E14C0087A1E6 /* Shared.framework in Frameworks */ = {isa = PBXBuildFile; fileRef = 3875BC322A88E14C0087A1E6 /* Shared.framework */; };
		3875BC432A88E14C0087A1E6 /* SharedTests.swift in Sources */ = {isa = PBXBuildFile; fileRef = 3875BC422A88E14C0087A1E6 /* SharedTests.swift */; };
		3875BC442A88E14C0087A1E6 /* Shared.h in Headers */ = {isa = PBXBuildFile; fileRef = 3875BC342A88E14C0087A1E6 /* Shared.h */; settings = {ATTRIBUTES = (Public, ); }; };
		3875BC472A88E14C0087A1E6 /* Shared.framework in Frameworks */ = {isa = PBXBuildFile; fileRef = 3875BC322A88E14C0087A1E6 /* Shared.framework */; };
		3875BC482A88E14C0087A1E6 /* Shared.framework in Embed Frameworks */ = {isa = PBXBuildFile; fileRef = 3875BC322A88E14C0087A1E6 /* Shared.framework */; settings = {ATTRIBUTES = (CodeSignOnCopy, RemoveHeadersOnCopy, ); }; };
		3875BC502A88E1570087A1E6 /* URLValidation.swift in Sources */ = {isa = PBXBuildFile; fileRef = 3875BC2B2A88DF8F0087A1E6 /* URLValidation.swift */; };
		38B587E82A767D5D002F3391 /* WebView.swift in Sources */ = {isa = PBXBuildFile; fileRef = 38B587E72A767D5D002F3391 /* WebView.swift */; };
		38B587EC2A767F53002F3391 /* ArticleView.swift in Sources */ = {isa = PBXBuildFile; fileRef = 38B587EB2A767F53002F3391 /* ArticleView.swift */; };
		38B587FD2A76B59E002F3391 /* AppDelegate.swift in Sources */ = {isa = PBXBuildFile; fileRef = 38B587FC2A76B59E002F3391 /* AppDelegate.swift */; };
		38B5883A2A76BBC4002F3391 /* SceneDelegate.swift in Sources */ = {isa = PBXBuildFile; fileRef = 38B588392A76BBC4002F3391 /* SceneDelegate.swift */; };
		38B5885E2A76D0F0002F3391 /* ConsentHostingViewController.swift in Sources */ = {isa = PBXBuildFile; fileRef = 38B5885D2A76D0F0002F3391 /* ConsentHostingViewController.swift */; };
		38B588602A76D62A002F3391 /* BannerViewController.swift in Sources */ = {isa = PBXBuildFile; fileRef = 38B5885F2A76D62A002F3391 /* BannerViewController.swift */; };
		38B588632A76D6EF002F3391 /* FeedListTopBannerView.swift in Sources */ = {isa = PBXBuildFile; fileRef = 38B588622A76D6EF002F3391 /* FeedListTopBannerView.swift */; };
		38B588662A76E4F2002F3391 /* FeedSourceTopBannerView.swift in Sources */ = {isa = PBXBuildFile; fileRef = 38B588652A76E4F2002F3391 /* FeedSourceTopBannerView.swift */; };
		38B588682A76E9FA002F3391 /* ArticleTopBannerView.swift in Sources */ = {isa = PBXBuildFile; fileRef = 38B588672A76E9FA002F3391 /* ArticleTopBannerView.swift */; };
		38B97E462A753A3A0056B094 /* ContentView.swift in Sources */ = {isa = PBXBuildFile; fileRef = 38B97E452A753A3A0056B094 /* ContentView.swift */; };
		38B97E482A753A3B0056B094 /* Assets.xcassets in Resources */ = {isa = PBXBuildFile; fileRef = 38B97E472A753A3B0056B094 /* Assets.xcassets */; };
		38B97E4B2A753A3B0056B094 /* Preview Assets.xcassets in Resources */ = {isa = PBXBuildFile; fileRef = 38B97E4A2A753A3B0056B094 /* Preview Assets.xcassets */; };
		38B97E4D2A753A3B0056B094 /* Persistence.swift in Sources */ = {isa = PBXBuildFile; fileRef = 38B97E4C2A753A3B0056B094 /* Persistence.swift */; };
		38B97E502A753A3B0056B094 /* Newspaperss.xcdatamodeld in Sources */ = {isa = PBXBuildFile; fileRef = 38B97E4E2A753A3B0056B094 /* Newspaperss.xcdatamodeld */; };
		38B97E592A753B230056B094 /* GoogleMobileAds in Frameworks */ = {isa = PBXBuildFile; productRef = 38B97E582A753B230056B094 /* GoogleMobileAds */; };
		38B97E5C2A753BE50056B094 /* FeedSourceListView.swift in Sources */ = {isa = PBXBuildFile; fileRef = 38B97E5B2A753BE50056B094 /* FeedSourceListView.swift */; };
		38B97E602A753D5C0056B094 /* URLToStringValueTransformer.swift in Sources */ = {isa = PBXBuildFile; fileRef = 38B97E5F2A753D5C0056B094 /* URLToStringValueTransformer.swift */; };
		38B97E622A7545EF0056B094 /* FeedListView.swift in Sources */ = {isa = PBXBuildFile; fileRef = 38B97E612A7545EF0056B094 /* FeedListView.swift */; };
		38B97E6C2A7552540056B094 /* FeedSourceListDetailEditView.swift in Sources */ = {isa = PBXBuildFile; fileRef = 38B97E6B2A7552540056B094 /* FeedSourceListDetailEditView.swift */; };
		38B97E6E2A755DAC0056B094 /* TextFieldContainerView.swift in Sources */ = {isa = PBXBuildFile; fileRef = 38B97E6D2A755DAC0056B094 /* TextFieldContainerView.swift */; };
		38B97E7E2A7560B80056B094 /* XMLElement.m in Sources */ = {isa = PBXBuildFile; fileRef = 38B97E742A7560B80056B094 /* XMLElement.m */; };
		38B97E7F2A7560B80056B094 /* RSSFeedImageObject.m in Sources */ = {isa = PBXBuildFile; fileRef = 38B97E752A7560B80056B094 /* RSSFeedImageObject.m */; };
		38B97E802A7560B80056B094 /* RSSFeedParserDelegate.m in Sources */ = {isa = PBXBuildFile; fileRef = 38B97E762A7560B80056B094 /* RSSFeedParserDelegate.m */; };
		38B97E812A7560B80056B094 /* RSSFeedChannelObject.m in Sources */ = {isa = PBXBuildFile; fileRef = 38B97E782A7560B80056B094 /* RSSFeedChannelObject.m */; };
		38B97E822A7560B80056B094 /* RSSFeedEngine.m in Sources */ = {isa = PBXBuildFile; fileRef = 38B97E7A2A7560B80056B094 /* RSSFeedEngine.m */; };
		38B97E832A7560B80056B094 /* RSSFeedItemObject.m in Sources */ = {isa = PBXBuildFile; fileRef = 38B97E7D2A7560B80056B094 /* RSSFeedItemObject.m */; };
		38B97E882A7578700056B094 /* FeedListModel.swift in Sources */ = {isa = PBXBuildFile; fileRef = 38B97E872A7578700056B094 /* FeedListModel.swift */; };
		38B97E8C2A7584600056B094 /* FeedListItemView.swift in Sources */ = {isa = PBXBuildFile; fileRef = 38B97E8B2A7584600056B094 /* FeedListItemView.swift */; };
		38B97E8E2A7589E20056B094 /* RSSFeedNetworkOperation.swift in Sources */ = {isa = PBXBuildFile; fileRef = 38B97E8D2A7589E20056B094 /* RSSFeedNetworkOperation.swift */; };
		38F2E8C42A793DF200B6CBC5 /* GADTestDevices.swift in Sources */ = {isa = PBXBuildFile; fileRef = 38F2E8C32A793DF200B6CBC5 /* GADTestDevices.swift */; };
		38F2E8C72A79430700B6CBC5 /* NSLayoutConstraintBuilder.swift in Sources */ = {isa = PBXBuildFile; fileRef = 38F2E8C62A79430700B6CBC5 /* NSLayoutConstraintBuilder.swift */; };
		38F2E8C92A7945A900B6CBC5 /* NSLayoutAnchorExtension.swift in Sources */ = {isa = PBXBuildFile; fileRef = 38F2E8C82A7945A900B6CBC5 /* NSLayoutAnchorExtension.swift */; };
		38F2E8CB2A79472E00B6CBC5 /* UILayoutPriorityExtension.swift in Sources */ = {isa = PBXBuildFile; fileRef = 38F2E8CA2A79472E00B6CBC5 /* UILayoutPriorityExtension.swift */; };
/* End PBXBuildFile section */

/* Begin PBXContainerItemProxy section */
		3875BC3D2A88E14C0087A1E6 /* PBXContainerItemProxy */ = {
			isa = PBXContainerItemProxy;
			containerPortal = 38B97E382A753A3A0056B094 /* Project object */;
			proxyType = 1;
			remoteGlobalIDString = 3875BC312A88E14C0087A1E6;
			remoteInfo = Shared;
		};
		3875BC3F2A88E14C0087A1E6 /* PBXContainerItemProxy */ = {
			isa = PBXContainerItemProxy;
			containerPortal = 38B97E382A753A3A0056B094 /* Project object */;
			proxyType = 1;
			remoteGlobalIDString = 38B97E3F2A753A3A0056B094;
			remoteInfo = Newspaperss;
		};
		3875BC452A88E14C0087A1E6 /* PBXContainerItemProxy */ = {
			isa = PBXContainerItemProxy;
			containerPortal = 38B97E382A753A3A0056B094 /* Project object */;
			proxyType = 1;
			remoteGlobalIDString = 3875BC312A88E14C0087A1E6;
			remoteInfo = Shared;
		};
/* End PBXContainerItemProxy section */

/* Begin PBXCopyFilesBuildPhase section */
		3875BC4C2A88E14C0087A1E6 /* Embed Frameworks */ = {
			isa = PBXCopyFilesBuildPhase;
			buildActionMask = 2147483647;
			dstPath = "";
			dstSubfolderSpec = 10;
			files = (
				3875BC482A88E14C0087A1E6 /* Shared.framework in Embed Frameworks */,
			);
			name = "Embed Frameworks";
			runOnlyForDeploymentPostprocessing = 0;
		};
/* End PBXCopyFilesBuildPhase section */

/* Begin PBXFileReference section */
		3810EB622A782363009E0F1B /* EmptyData.swift */ = {isa = PBXFileReference; lastKnownFileType = sourcecode.swift; path = EmptyData.swift; sourceTree = "<group>"; };
		383A46932A7CEBF600A16FE4 /* GADAdapterStatusEnvironmentKey.swift */ = {isa = PBXFileReference; lastKnownFileType = sourcecode.swift; path = GADAdapterStatusEnvironmentKey.swift; sourceTree = "<group>"; };
		3875BC2B2A88DF8F0087A1E6 /* URLValidation.swift */ = {isa = PBXFileReference; lastKnownFileType = sourcecode.swift; path = URLValidation.swift; sourceTree = "<group>"; };
		3875BC322A88E14C0087A1E6 /* Shared.framework */ = {isa = PBXFileReference; explicitFileType = wrapper.framework; includeInIndex = 0; path = Shared.framework; sourceTree = BUILT_PRODUCTS_DIR; };
		3875BC342A88E14C0087A1E6 /* Shared.h */ = {isa = PBXFileReference; lastKnownFileType = sourcecode.c.h; path = Shared.h; sourceTree = "<group>"; };
		3875BC352A88E14C0087A1E6 /* Shared.docc */ = {isa = PBXFileReference; lastKnownFileType = folder.documentationcatalog; path = Shared.docc; sourceTree = "<group>"; };
		3875BC3B2A88E14C0087A1E6 /* SharedTests.xctest */ = {isa = PBXFileReference; explicitFileType = wrapper.cfbundle; includeInIndex = 0; path = SharedTests.xctest; sourceTree = BUILT_PRODUCTS_DIR; };
		3875BC422A88E14C0087A1E6 /* SharedTests.swift */ = {isa = PBXFileReference; lastKnownFileType = sourcecode.swift; path = SharedTests.swift; sourceTree = "<group>"; };
		38B587E72A767D5D002F3391 /* WebView.swift */ = {isa = PBXFileReference; lastKnownFileType = sourcecode.swift; path = WebView.swift; sourceTree = "<group>"; };
		38B587EB2A767F53002F3391 /* ArticleView.swift */ = {isa = PBXFileReference; lastKnownFileType = sourcecode.swift; path = ArticleView.swift; sourceTree = "<group>"; };
		38B587FC2A76B59E002F3391 /* AppDelegate.swift */ = {isa = PBXFileReference; lastKnownFileType = sourcecode.swift; path = AppDelegate.swift; sourceTree = "<group>"; };
		38B588392A76BBC4002F3391 /* SceneDelegate.swift */ = {isa = PBXFileReference; fileEncoding = 4; lastKnownFileType = sourcecode.swift; path = SceneDelegate.swift; sourceTree = "<group>"; };
		38B5885D2A76D0F0002F3391 /* ConsentHostingViewController.swift */ = {isa = PBXFileReference; lastKnownFileType = sourcecode.swift; path = ConsentHostingViewController.swift; sourceTree = "<group>"; };
		38B5885F2A76D62A002F3391 /* BannerViewController.swift */ = {isa = PBXFileReference; lastKnownFileType = sourcecode.swift; path = BannerViewController.swift; sourceTree = "<group>"; };
		38B588622A76D6EF002F3391 /* FeedListTopBannerView.swift */ = {isa = PBXFileReference; lastKnownFileType = sourcecode.swift; path = FeedListTopBannerView.swift; sourceTree = "<group>"; };
		38B588652A76E4F2002F3391 /* FeedSourceTopBannerView.swift */ = {isa = PBXFileReference; lastKnownFileType = sourcecode.swift; path = FeedSourceTopBannerView.swift; sourceTree = "<group>"; };
		38B588672A76E9FA002F3391 /* ArticleTopBannerView.swift */ = {isa = PBXFileReference; lastKnownFileType = sourcecode.swift; path = ArticleTopBannerView.swift; sourceTree = "<group>"; };
		38B97E402A753A3A0056B094 /* Newspaperss.app */ = {isa = PBXFileReference; explicitFileType = wrapper.application; includeInIndex = 0; path = Newspaperss.app; sourceTree = BUILT_PRODUCTS_DIR; };
		38B97E452A753A3A0056B094 /* ContentView.swift */ = {isa = PBXFileReference; lastKnownFileType = sourcecode.swift; path = ContentView.swift; sourceTree = "<group>"; };
		38B97E472A753A3B0056B094 /* Assets.xcassets */ = {isa = PBXFileReference; lastKnownFileType = folder.assetcatalog; path = Assets.xcassets; sourceTree = "<group>"; };
		38B97E4A2A753A3B0056B094 /* Preview Assets.xcassets */ = {isa = PBXFileReference; lastKnownFileType = folder.assetcatalog; path = "Preview Assets.xcassets"; sourceTree = "<group>"; };
		38B97E4C2A753A3B0056B094 /* Persistence.swift */ = {isa = PBXFileReference; lastKnownFileType = sourcecode.swift; path = Persistence.swift; sourceTree = "<group>"; };
		38B97E4F2A753A3B0056B094 /* Newspaperss.xcdatamodel */ = {isa = PBXFileReference; lastKnownFileType = wrapper.xcdatamodel; path = Newspaperss.xcdatamodel; sourceTree = "<group>"; };
		38B97E512A753A3B0056B094 /* Info.plist */ = {isa = PBXFileReference; lastKnownFileType = text.plist.xml; path = Info.plist; sourceTree = "<group>"; };
		38B97E5B2A753BE50056B094 /* FeedSourceListView.swift */ = {isa = PBXFileReference; lastKnownFileType = sourcecode.swift; path = FeedSourceListView.swift; sourceTree = "<group>"; };
		38B97E5F2A753D5C0056B094 /* URLToStringValueTransformer.swift */ = {isa = PBXFileReference; lastKnownFileType = sourcecode.swift; path = URLToStringValueTransformer.swift; sourceTree = "<group>"; };
		38B97E612A7545EF0056B094 /* FeedListView.swift */ = {isa = PBXFileReference; lastKnownFileType = sourcecode.swift; path = FeedListView.swift; sourceTree = "<group>"; };
		38B97E6B2A7552540056B094 /* FeedSourceListDetailEditView.swift */ = {isa = PBXFileReference; lastKnownFileType = sourcecode.swift; path = FeedSourceListDetailEditView.swift; sourceTree = "<group>"; };
		38B97E6D2A755DAC0056B094 /* TextFieldContainerView.swift */ = {isa = PBXFileReference; lastKnownFileType = sourcecode.swift; path = TextFieldContainerView.swift; sourceTree = "<group>"; };
		38B97E702A7560B70056B094 /* Newspaperss-Bridging-Header.h */ = {isa = PBXFileReference; lastKnownFileType = sourcecode.c.h; path = "Newspaperss-Bridging-Header.h"; sourceTree = "<group>"; };
		38B97E712A7560B70056B094 /* XMLElement.h */ = {isa = PBXFileReference; fileEncoding = 4; lastKnownFileType = sourcecode.c.h; path = XMLElement.h; sourceTree = "<group>"; };
		38B97E722A7560B80056B094 /* RSSFeedParserDelegateReceiver.h */ = {isa = PBXFileReference; fileEncoding = 4; lastKnownFileType = sourcecode.c.h; path = RSSFeedParserDelegateReceiver.h; sourceTree = "<group>"; };
		38B97E732A7560B80056B094 /* RSSFeedChannelObject.h */ = {isa = PBXFileReference; fileEncoding = 4; lastKnownFileType = sourcecode.c.h; path = RSSFeedChannelObject.h; sourceTree = "<group>"; };
		38B97E742A7560B80056B094 /* XMLElement.m */ = {isa = PBXFileReference; fileEncoding = 4; lastKnownFileType = sourcecode.c.objc; path = XMLElement.m; sourceTree = "<group>"; };
		38B97E752A7560B80056B094 /* RSSFeedImageObject.m */ = {isa = PBXFileReference; fileEncoding = 4; lastKnownFileType = sourcecode.c.objc; path = RSSFeedImageObject.m; sourceTree = "<group>"; };
		38B97E762A7560B80056B094 /* RSSFeedParserDelegate.m */ = {isa = PBXFileReference; fileEncoding = 4; lastKnownFileType = sourcecode.c.objc; path = RSSFeedParserDelegate.m; sourceTree = "<group>"; };
		38B97E772A7560B80056B094 /* RSSFeedItemObject.h */ = {isa = PBXFileReference; fileEncoding = 4; lastKnownFileType = sourcecode.c.h; path = RSSFeedItemObject.h; sourceTree = "<group>"; };
		38B97E782A7560B80056B094 /* RSSFeedChannelObject.m */ = {isa = PBXFileReference; fileEncoding = 4; lastKnownFileType = sourcecode.c.objc; path = RSSFeedChannelObject.m; sourceTree = "<group>"; };
		38B97E792A7560B80056B094 /* RSSFeedParserDelegate.h */ = {isa = PBXFileReference; fileEncoding = 4; lastKnownFileType = sourcecode.c.h; path = RSSFeedParserDelegate.h; sourceTree = "<group>"; };
		38B97E7A2A7560B80056B094 /* RSSFeedEngine.m */ = {isa = PBXFileReference; fileEncoding = 4; lastKnownFileType = sourcecode.c.objc; path = RSSFeedEngine.m; sourceTree = "<group>"; };
		38B97E7B2A7560B80056B094 /* RSSFeedImageObject.h */ = {isa = PBXFileReference; fileEncoding = 4; lastKnownFileType = sourcecode.c.h; path = RSSFeedImageObject.h; sourceTree = "<group>"; };
		38B97E7C2A7560B80056B094 /* RSSFeedEngine.h */ = {isa = PBXFileReference; fileEncoding = 4; lastKnownFileType = sourcecode.c.h; path = RSSFeedEngine.h; sourceTree = "<group>"; };
		38B97E7D2A7560B80056B094 /* RSSFeedItemObject.m */ = {isa = PBXFileReference; fileEncoding = 4; lastKnownFileType = sourcecode.c.objc; path = RSSFeedItemObject.m; sourceTree = "<group>"; };
		38B97E872A7578700056B094 /* FeedListModel.swift */ = {isa = PBXFileReference; lastKnownFileType = sourcecode.swift; path = FeedListModel.swift; sourceTree = "<group>"; };
		38B97E8B2A7584600056B094 /* FeedListItemView.swift */ = {isa = PBXFileReference; lastKnownFileType = sourcecode.swift; path = FeedListItemView.swift; sourceTree = "<group>"; };
		38B97E8D2A7589E20056B094 /* RSSFeedNetworkOperation.swift */ = {isa = PBXFileReference; lastKnownFileType = sourcecode.swift; path = RSSFeedNetworkOperation.swift; sourceTree = "<group>"; };
		38F2E8C32A793DF200B6CBC5 /* GADTestDevices.swift */ = {isa = PBXFileReference; lastKnownFileType = sourcecode.swift; path = GADTestDevices.swift; sourceTree = "<group>"; };
		38F2E8C62A79430700B6CBC5 /* NSLayoutConstraintBuilder.swift */ = {isa = PBXFileReference; lastKnownFileType = sourcecode.swift; path = NSLayoutConstraintBuilder.swift; sourceTree = "<group>"; };
		38F2E8C82A7945A900B6CBC5 /* NSLayoutAnchorExtension.swift */ = {isa = PBXFileReference; lastKnownFileType = sourcecode.swift; path = NSLayoutAnchorExtension.swift; sourceTree = "<group>"; };
		38F2E8CA2A79472E00B6CBC5 /* UILayoutPriorityExtension.swift */ = {isa = PBXFileReference; lastKnownFileType = sourcecode.swift; path = UILayoutPriorityExtension.swift; sourceTree = "<group>"; };
/* End PBXFileReference section */

/* Begin PBXFrameworksBuildPhase section */
		3875BC2F2A88E14C0087A1E6 /* Frameworks */ = {
			isa = PBXFrameworksBuildPhase;
			buildActionMask = 2147483647;
			files = (
			);
			runOnlyForDeploymentPostprocessing = 0;
		};
		3875BC382A88E14C0087A1E6 /* Frameworks */ = {
			isa = PBXFrameworksBuildPhase;
			buildActionMask = 2147483647;
			files = (
				3875BC3C2A88E14C0087A1E6 /* Shared.framework in Frameworks */,
			);
			runOnlyForDeploymentPostprocessing = 0;
		};
		38B97E3D2A753A3A0056B094 /* Frameworks */ = {
			isa = PBXFrameworksBuildPhase;
			buildActionMask = 2147483647;
			files = (
				38B97E592A753B230056B094 /* GoogleMobileAds in Frameworks */,
				3875BC472A88E14C0087A1E6 /* Shared.framework in Frameworks */,
			);
			runOnlyForDeploymentPostprocessing = 0;
		};
/* End PBXFrameworksBuildPhase section */

/* Begin PBXGroup section */
		3875BC332A88E14C0087A1E6 /* Shared */ = {
			isa = PBXGroup;
			children = (
				3875BC342A88E14C0087A1E6 /* Shared.h */,
				3875BC352A88E14C0087A1E6 /* Shared.docc */,
				3875BC2B2A88DF8F0087A1E6 /* URLValidation.swift */,
			);
			path = Shared;
			sourceTree = "<group>";
		};
		3875BC412A88E14C0087A1E6 /* SharedTests */ = {
			isa = PBXGroup;
			children = (
				3875BC422A88E14C0087A1E6 /* SharedTests.swift */,
			);
			path = SharedTests;
			sourceTree = "<group>";
		};
		3898C2022A77DFEB0016E111 /* View Extensions */ = {
			isa = PBXGroup;
			children = (
				3810EB622A782363009E0F1B /* EmptyData.swift */,
			);
			path = "View Extensions";
			sourceTree = "<group>";
		};
		38B587E52A767898002F3391 /* Article */ = {
			isa = PBXGroup;
			children = (
				38B587EB2A767F53002F3391 /* ArticleView.swift */,
				38B587E72A767D5D002F3391 /* WebView.swift */,
				38B588672A76E9FA002F3391 /* ArticleTopBannerView.swift */,
			);
			path = Article;
			sourceTree = "<group>";
		};
		38B5885C2A76D0BD002F3391 /* ViewControllers */ = {
			isa = PBXGroup;
			children = (
				38B5885D2A76D0F0002F3391 /* ConsentHostingViewController.swift */,
				38B588612A76D635002F3391 /* Banner */,
			);
			path = ViewControllers;
			sourceTree = "<group>";
		};
		38B588612A76D635002F3391 /* Banner */ = {
			isa = PBXGroup;
			children = (
				38B5885F2A76D62A002F3391 /* BannerViewController.swift */,
			);
			path = Banner;
			sourceTree = "<group>";
		};
		38B588642A76E4CF002F3391 /* FeedSource */ = {
			isa = PBXGroup;
			children = (
				38B97E5B2A753BE50056B094 /* FeedSourceListView.swift */,
				38B588652A76E4F2002F3391 /* FeedSourceTopBannerView.swift */,
				38B97E6B2A7552540056B094 /* FeedSourceListDetailEditView.swift */,
			);
			path = FeedSource;
			sourceTree = "<group>";
		};
		38B97E372A753A3A0056B094 = {
			isa = PBXGroup;
			children = (
				38B97E422A753A3A0056B094 /* Newspaperss */,
				3875BC332A88E14C0087A1E6 /* Shared */,
				3875BC412A88E14C0087A1E6 /* SharedTests */,
				38B97E412A753A3A0056B094 /* Products */,
			);
			sourceTree = "<group>";
		};
		38B97E412A753A3A0056B094 /* Products */ = {
			isa = PBXGroup;
			children = (
				38B97E402A753A3A0056B094 /* Newspaperss.app */,
				3875BC322A88E14C0087A1E6 /* Shared.framework */,
				3875BC3B2A88E14C0087A1E6 /* SharedTests.xctest */,
			);
			name = Products;
			sourceTree = "<group>";
		};
		38B97E422A753A3A0056B094 /* Newspaperss */ = {
			isa = PBXGroup;
			children = (
				38B587FC2A76B59E002F3391 /* AppDelegate.swift */,
				38B588392A76BBC4002F3391 /* SceneDelegate.swift */,
				38B5885C2A76D0BD002F3391 /* ViewControllers */,
				38B97E5A2A753BB50056B094 /* Views */,
				3898C2022A77DFEB0016E111 /* View Extensions */,
				38B97E472A753A3B0056B094 /* Assets.xcassets */,
				38F2E8C52A7942EA00B6CBC5 /* Helpers */,
				38F2E8C22A793DD900B6CBC5 /* Global */,
				38B97E5D2A753D1C0056B094 /* Engines */,
				38B97E512A753A3B0056B094 /* Info.plist */,
				38B97E4E2A753A3B0056B094 /* Newspaperss.xcdatamodeld */,
				38B97E492A753A3B0056B094 /* Preview Content */,
			);
			path = Newspaperss;
			sourceTree = "<group>";
		};
		38B97E492A753A3B0056B094 /* Preview Content */ = {
			isa = PBXGroup;
			children = (
				38B97E4A2A753A3B0056B094 /* Preview Assets.xcassets */,
			);
			path = "Preview Content";
			sourceTree = "<group>";
		};
		38B97E5A2A753BB50056B094 /* Views */ = {
			isa = PBXGroup;
			children = (
				38B97E452A753A3A0056B094 /* ContentView.swift */,
				38B97E862A75785F0056B094 /* FeedList */,
				38B587E52A767898002F3391 /* Article */,
				38B588642A76E4CF002F3391 /* FeedSource */,
				38B97E6D2A755DAC0056B094 /* TextFieldContainerView.swift */,
			);
			path = Views;
			sourceTree = "<group>";
		};
		38B97E5D2A753D1C0056B094 /* Engines */ = {
			isa = PBXGroup;
			children = (
				38B97E6F2A7560690056B094 /* RSSFeed */,
				38B97E5E2A753D410056B094 /* Persistence */,
			);
			path = Engines;
			sourceTree = "<group>";
		};
		38B97E5E2A753D410056B094 /* Persistence */ = {
			isa = PBXGroup;
			children = (
				38B97E4C2A753A3B0056B094 /* Persistence.swift */,
				38B97E5F2A753D5C0056B094 /* URLToStringValueTransformer.swift */,
			);
			path = Persistence;
			sourceTree = "<group>";
		};
		38B97E6F2A7560690056B094 /* RSSFeed */ = {
			isa = PBXGroup;
			children = (
				38B97E8D2A7589E20056B094 /* RSSFeedNetworkOperation.swift */,
				38B97E792A7560B80056B094 /* RSSFeedParserDelegate.h */,
				38B97E762A7560B80056B094 /* RSSFeedParserDelegate.m */,
				38B97E722A7560B80056B094 /* RSSFeedParserDelegateReceiver.h */,
				38B97E7C2A7560B80056B094 /* RSSFeedEngine.h */,
				38B97E7A2A7560B80056B094 /* RSSFeedEngine.m */,
				38B97E732A7560B80056B094 /* RSSFeedChannelObject.h */,
				38B97E782A7560B80056B094 /* RSSFeedChannelObject.m */,
				38B97E772A7560B80056B094 /* RSSFeedItemObject.h */,
				38B97E7D2A7560B80056B094 /* RSSFeedItemObject.m */,
				38B97E7B2A7560B80056B094 /* RSSFeedImageObject.h */,
				38B97E752A7560B80056B094 /* RSSFeedImageObject.m */,
				38B97E712A7560B70056B094 /* XMLElement.h */,
				38B97E742A7560B80056B094 /* XMLElement.m */,
				38B97E702A7560B70056B094 /* Newspaperss-Bridging-Header.h */,
			);
			path = RSSFeed;
			sourceTree = "<group>";
		};
		38B97E862A75785F0056B094 /* FeedList */ = {
			isa = PBXGroup;
			children = (
				38B97E612A7545EF0056B094 /* FeedListView.swift */,
				38B588622A76D6EF002F3391 /* FeedListTopBannerView.swift */,
				38B97E8B2A7584600056B094 /* FeedListItemView.swift */,
				38B97E872A7578700056B094 /* FeedListModel.swift */,
			);
			path = FeedList;
			sourceTree = "<group>";
		};
		38F2E8C22A793DD900B6CBC5 /* Global */ = {
			isa = PBXGroup;
			children = (
				38F2E8C32A793DF200B6CBC5 /* GADTestDevices.swift */,
				383A46932A7CEBF600A16FE4 /* GADAdapterStatusEnvironmentKey.swift */,
			);
			path = Global;
			sourceTree = "<group>";
		};
		38F2E8C52A7942EA00B6CBC5 /* Helpers */ = {
			isa = PBXGroup;
			children = (
				38F2E8C62A79430700B6CBC5 /* NSLayoutConstraintBuilder.swift */,
				38F2E8C82A7945A900B6CBC5 /* NSLayoutAnchorExtension.swift */,
				38F2E8CA2A79472E00B6CBC5 /* UILayoutPriorityExtension.swift */,
			);
			path = Helpers;
			sourceTree = "<group>";
		};
/* End PBXGroup section */

/* Begin PBXHeadersBuildPhase section */
		3875BC2D2A88E14C0087A1E6 /* Headers */ = {
			isa = PBXHeadersBuildPhase;
			buildActionMask = 2147483647;
			files = (
				3875BC442A88E14C0087A1E6 /* Shared.h in Headers */,
			);
			runOnlyForDeploymentPostprocessing = 0;
		};
/* End PBXHeadersBuildPhase section */

/* Begin PBXNativeTarget section */
		3875BC312A88E14C0087A1E6 /* Shared */ = {
			isa = PBXNativeTarget;
			buildConfigurationList = 3875BC492A88E14C0087A1E6 /* Build configuration list for PBXNativeTarget "Shared" */;
			buildPhases = (
				3875BC2D2A88E14C0087A1E6 /* Headers */,
				3875BC2E2A88E14C0087A1E6 /* Sources */,
				3875BC2F2A88E14C0087A1E6 /* Frameworks */,
				3875BC302A88E14C0087A1E6 /* Resources */,
			);
			buildRules = (
			);
			dependencies = (
			);
			name = Shared;
			productName = Shared;
			productReference = 3875BC322A88E14C0087A1E6 /* Shared.framework */;
			productType = "com.apple.product-type.framework";
		};
		3875BC3A2A88E14C0087A1E6 /* SharedTests */ = {
			isa = PBXNativeTarget;
			buildConfigurationList = 3875BC4D2A88E14C0087A1E6 /* Build configuration list for PBXNativeTarget "SharedTests" */;
			buildPhases = (
				3875BC372A88E14C0087A1E6 /* Sources */,
				3875BC382A88E14C0087A1E6 /* Frameworks */,
				3875BC392A88E14C0087A1E6 /* Resources */,
			);
			buildRules = (
			);
			dependencies = (
				3875BC3E2A88E14C0087A1E6 /* PBXTargetDependency */,
				3875BC402A88E14C0087A1E6 /* PBXTargetDependency */,
			);
			name = SharedTests;
			productName = SharedTests;
			productReference = 3875BC3B2A88E14C0087A1E6 /* SharedTests.xctest */;
			productType = "com.apple.product-type.bundle.unit-test";
		};
		38B97E3F2A753A3A0056B094 /* Newspaperss */ = {
			isa = PBXNativeTarget;
			buildConfigurationList = 38B97E542A753A3B0056B094 /* Build configuration list for PBXNativeTarget "Newspaperss" */;
			buildPhases = (
				38B97E3C2A753A3A0056B094 /* Sources */,
				38B97E3D2A753A3A0056B094 /* Frameworks */,
				38B97E3E2A753A3A0056B094 /* Resources */,
				3875BC4C2A88E14C0087A1E6 /* Embed Frameworks */,
			);
			buildRules = (
			);
			dependencies = (
				3875BC462A88E14C0087A1E6 /* PBXTargetDependency */,
			);
			name = Newspaperss;
			packageProductDependencies = (
				38B97E582A753B230056B094 /* GoogleMobileAds */,
			);
			productName = Newspaperss;
			productReference = 38B97E402A753A3A0056B094 /* Newspaperss.app */;
			productType = "com.apple.product-type.application";
		};
/* End PBXNativeTarget section */

/* Begin PBXProject section */
		38B97E382A753A3A0056B094 /* Project object */ = {
			isa = PBXProject;
			attributes = {
				BuildIndependentTargetsInParallel = 1;
				LastSwiftUpdateCheck = 1430;
				LastUpgradeCheck = 1430;
				TargetAttributes = {
					3875BC312A88E14C0087A1E6 = {
						CreatedOnToolsVersion = 14.3.1;
					};
					3875BC3A2A88E14C0087A1E6 = {
						CreatedOnToolsVersion = 14.3.1;
						TestTargetID = 38B97E3F2A753A3A0056B094;
					};
					38B97E3F2A753A3A0056B094 = {
						CreatedOnToolsVersion = 14.3.1;
						LastSwiftMigration = 1430;
					};
				};
			};
			buildConfigurationList = 38B97E3B2A753A3A0056B094 /* Build configuration list for PBXProject "Newspaperss" */;
			compatibilityVersion = "Xcode 14.0";
			developmentRegion = en;
			hasScannedForEncodings = 0;
			knownRegions = (
				en,
				Base,
			);
			mainGroup = 38B97E372A753A3A0056B094;
			packageReferences = (
				38B97E572A753B230056B094 /* XCRemoteSwiftPackageReference "swift-package-manager-google-mobile-ads" */,
			);
			productRefGroup = 38B97E412A753A3A0056B094 /* Products */;
			projectDirPath = "";
			projectRoot = "";
			targets = (
				38B97E3F2A753A3A0056B094 /* Newspaperss */,
				3875BC312A88E14C0087A1E6 /* Shared */,
				3875BC3A2A88E14C0087A1E6 /* SharedTests */,
			);
		};
/* End PBXProject section */

/* Begin PBXResourcesBuildPhase section */
		3875BC302A88E14C0087A1E6 /* Resources */ = {
			isa = PBXResourcesBuildPhase;
			buildActionMask = 2147483647;
			files = (
			);
			runOnlyForDeploymentPostprocessing = 0;
		};
		3875BC392A88E14C0087A1E6 /* Resources */ = {
			isa = PBXResourcesBuildPhase;
			buildActionMask = 2147483647;
			files = (
			);
			runOnlyForDeploymentPostprocessing = 0;
		};
		38B97E3E2A753A3A0056B094 /* Resources */ = {
			isa = PBXResourcesBuildPhase;
			buildActionMask = 2147483647;
			files = (
				38B97E4B2A753A3B0056B094 /* Preview Assets.xcassets in Resources */,
				38B97E482A753A3B0056B094 /* Assets.xcassets in Resources */,
			);
			runOnlyForDeploymentPostprocessing = 0;
		};
/* End PBXResourcesBuildPhase section */

/* Begin PBXSourcesBuildPhase section */
		3875BC2E2A88E14C0087A1E6 /* Sources */ = {
			isa = PBXSourcesBuildPhase;
			buildActionMask = 2147483647;
			files = (
				3875BC502A88E1570087A1E6 /* URLValidation.swift in Sources */,
				3875BC362A88E14C0087A1E6 /* Shared.docc in Sources */,
			);
			runOnlyForDeploymentPostprocessing = 0;
		};
		3875BC372A88E14C0087A1E6 /* Sources */ = {
			isa = PBXSourcesBuildPhase;
			buildActionMask = 2147483647;
			files = (
				3875BC432A88E14C0087A1E6 /* SharedTests.swift in Sources */,
			);
			runOnlyForDeploymentPostprocessing = 0;
		};
		38B97E3C2A753A3A0056B094 /* Sources */ = {
			isa = PBXSourcesBuildPhase;
			buildActionMask = 2147483647;
			files = (
				38B97E832A7560B80056B094 /* RSSFeedItemObject.m in Sources */,
				38B97E4D2A753A3B0056B094 /* Persistence.swift in Sources */,
				38B97E822A7560B80056B094 /* RSSFeedEngine.m in Sources */,
				38B588682A76E9FA002F3391 /* ArticleTopBannerView.swift in Sources */,
				38F2E8C92A7945A900B6CBC5 /* NSLayoutAnchorExtension.swift in Sources */,
				383A46942A7CEBF600A16FE4 /* GADAdapterStatusEnvironmentKey.swift in Sources */,
				38B97E602A753D5C0056B094 /* URLToStringValueTransformer.swift in Sources */,
				38F2E8C42A793DF200B6CBC5 /* GADTestDevices.swift in Sources */,
				38B97E8E2A7589E20056B094 /* RSSFeedNetworkOperation.swift in Sources */,
				38B97E6C2A7552540056B094 /* FeedSourceListDetailEditView.swift in Sources */,
				38B588662A76E4F2002F3391 /* FeedSourceTopBannerView.swift in Sources */,
				38B97E6E2A755DAC0056B094 /* TextFieldContainerView.swift in Sources */,
				38B5883A2A76BBC4002F3391 /* SceneDelegate.swift in Sources */,
				38B587EC2A767F53002F3391 /* ArticleView.swift in Sources */,
				38B97E802A7560B80056B094 /* RSSFeedParserDelegate.m in Sources */,
				38B97E5C2A753BE50056B094 /* FeedSourceListView.swift in Sources */,
				38B588602A76D62A002F3391 /* BannerViewController.swift in Sources */,
				38F2E8C72A79430700B6CBC5 /* NSLayoutConstraintBuilder.swift in Sources */,
				38B97E7E2A7560B80056B094 /* XMLElement.m in Sources */,
				38B5885E2A76D0F0002F3391 /* ConsentHostingViewController.swift in Sources */,
				38B97E462A753A3A0056B094 /* ContentView.swift in Sources */,
				38B97E8C2A7584600056B094 /* FeedListItemView.swift in Sources */,
				38F2E8CB2A79472E00B6CBC5 /* UILayoutPriorityExtension.swift in Sources */,
				38B587E82A767D5D002F3391 /* WebView.swift in Sources */,
				38B97E7F2A7560B80056B094 /* RSSFeedImageObject.m in Sources */,
				38B97E502A753A3B0056B094 /* Newspaperss.xcdatamodeld in Sources */,
				38B97E622A7545EF0056B094 /* FeedListView.swift in Sources */,
				38B588632A76D6EF002F3391 /* FeedListTopBannerView.swift in Sources */,
				38B587FD2A76B59E002F3391 /* AppDelegate.swift in Sources */,
				38B97E812A7560B80056B094 /* RSSFeedChannelObject.m in Sources */,
				38B97E882A7578700056B094 /* FeedListModel.swift in Sources */,
				3810EB632A782363009E0F1B /* EmptyData.swift in Sources */,
			);
			runOnlyForDeploymentPostprocessing = 0;
		};
/* End PBXSourcesBuildPhase section */

/* Begin PBXTargetDependency section */
		3875BC3E2A88E14C0087A1E6 /* PBXTargetDependency */ = {
			isa = PBXTargetDependency;
			target = 3875BC312A88E14C0087A1E6 /* Shared */;
			targetProxy = 3875BC3D2A88E14C0087A1E6 /* PBXContainerItemProxy */;
		};
		3875BC402A88E14C0087A1E6 /* PBXTargetDependency */ = {
			isa = PBXTargetDependency;
			target = 38B97E3F2A753A3A0056B094 /* Newspaperss */;
			targetProxy = 3875BC3F2A88E14C0087A1E6 /* PBXContainerItemProxy */;
		};
		3875BC462A88E14C0087A1E6 /* PBXTargetDependency */ = {
			isa = PBXTargetDependency;
			target = 3875BC312A88E14C0087A1E6 /* Shared */;
			targetProxy = 3875BC452A88E14C0087A1E6 /* PBXContainerItemProxy */;
		};
/* End PBXTargetDependency section */

/* Begin XCBuildConfiguration section */
		3875BC4A2A88E14C0087A1E6 /* Debug */ = {
			isa = XCBuildConfiguration;
			buildSettings = {
				CODE_SIGN_IDENTITY = "Apple Development";
				CODE_SIGN_STYLE = Automatic;
				CURRENT_PROJECT_VERSION = 1;
				DEFINES_MODULE = YES;
				DEVELOPMENT_TEAM = Z6JP26PUUY;
				DYLIB_COMPATIBILITY_VERSION = 1;
				DYLIB_CURRENT_VERSION = 1;
				DYLIB_INSTALL_NAME_BASE = "@rpath";
				ENABLE_MODULE_VERIFIER = YES;
				GENERATE_INFOPLIST_FILE = YES;
				INFOPLIST_KEY_NSHumanReadableCopyright = "";
				INSTALL_PATH = "$(LOCAL_LIBRARY_DIR)/Frameworks";
				LD_RUNPATH_SEARCH_PATHS = (
					"@executable_path/Frameworks",
					"@loader_path/Frameworks",
				);
				"LD_RUNPATH_SEARCH_PATHS[sdk=macosx*]" = (
					"@executable_path/../Frameworks",
					"@loader_path/Frameworks",
				);
				MACOSX_DEPLOYMENT_TARGET = 12.0;
				MARKETING_VERSION = 1.0;
				MODULE_VERIFIER_SUPPORTED_LANGUAGES = "objective-c objective-c++";
				MODULE_VERIFIER_SUPPORTED_LANGUAGE_STANDARDS = "gnu11 gnu++20";
				PRODUCT_BUNDLE_IDENTIFIER = com.GreenHair.Newspaperss.Shared;
				PRODUCT_NAME = "$(TARGET_NAME:c99extidentifier)";
				SDKROOT = auto;
				SKIP_INSTALL = YES;
				SUPPORTED_PLATFORMS = "iphoneos iphonesimulator macosx";
				SWIFT_EMIT_LOC_STRINGS = YES;
				SWIFT_VERSION = 5.0;
				TARGETED_DEVICE_FAMILY = "1,2";
				VERSIONING_SYSTEM = "apple-generic";
				VERSION_INFO_PREFIX = "";
			};
			name = Debug;
		};
		3875BC4B2A88E14C0087A1E6 /* Release */ = {
			isa = XCBuildConfiguration;
			buildSettings = {
				CODE_SIGN_IDENTITY = "Apple Development";
				CODE_SIGN_STYLE = Automatic;
				CURRENT_PROJECT_VERSION = 1;
				DEFINES_MODULE = YES;
				DEVELOPMENT_TEAM = Z6JP26PUUY;
				DYLIB_COMPATIBILITY_VERSION = 1;
				DYLIB_CURRENT_VERSION = 1;
				DYLIB_INSTALL_NAME_BASE = "@rpath";
				ENABLE_MODULE_VERIFIER = YES;
				GENERATE_INFOPLIST_FILE = YES;
				INFOPLIST_KEY_NSHumanReadableCopyright = "";
				INSTALL_PATH = "$(LOCAL_LIBRARY_DIR)/Frameworks";
				LD_RUNPATH_SEARCH_PATHS = (
					"@executable_path/Frameworks",
					"@loader_path/Frameworks",
				);
				"LD_RUNPATH_SEARCH_PATHS[sdk=macosx*]" = (
					"@executable_path/../Frameworks",
					"@loader_path/Frameworks",
				);
				MACOSX_DEPLOYMENT_TARGET = 12.0;
				MARKETING_VERSION = 1.0;
				MODULE_VERIFIER_SUPPORTED_LANGUAGES = "objective-c objective-c++";
				MODULE_VERIFIER_SUPPORTED_LANGUAGE_STANDARDS = "gnu11 gnu++20";
				PRODUCT_BUNDLE_IDENTIFIER = com.GreenHair.Newspaperss.Shared;
				PRODUCT_NAME = "$(TARGET_NAME:c99extidentifier)";
				SDKROOT = auto;
				SKIP_INSTALL = YES;
				SUPPORTED_PLATFORMS = "iphoneos iphonesimulator macosx";
				SWIFT_EMIT_LOC_STRINGS = YES;
				SWIFT_VERSION = 5.0;
				TARGETED_DEVICE_FAMILY = "1,2";
				VERSIONING_SYSTEM = "apple-generic";
				VERSION_INFO_PREFIX = "";
			};
			name = Release;
		};
		3875BC4E2A88E14C0087A1E6 /* Debug */ = {
			isa = XCBuildConfiguration;
			buildSettings = {
				ALWAYS_EMBED_SWIFT_STANDARD_LIBRARIES = YES;
				CODE_SIGN_STYLE = Automatic;
				CURRENT_PROJECT_VERSION = 1;
				DEVELOPMENT_TEAM = Z6JP26PUUY;
				GENERATE_INFOPLIST_FILE = YES;
				IPHONEOS_DEPLOYMENT_TARGET = 16.4;
				MACOSX_DEPLOYMENT_TARGET = 13.3;
				MARKETING_VERSION = 1.0;
				PRODUCT_BUNDLE_IDENTIFIER = com.GreenHair.Newspaperss.SharedTests;
				PRODUCT_NAME = "$(TARGET_NAME)";
				SDKROOT = auto;
				SUPPORTED_PLATFORMS = "iphoneos iphonesimulator macosx";
				SWIFT_EMIT_LOC_STRINGS = NO;
				SWIFT_VERSION = 5.0;
				TARGETED_DEVICE_FAMILY = "1,2";
				TEST_HOST = "$(BUILT_PRODUCTS_DIR)/Newspaperss.app/$(BUNDLE_EXECUTABLE_FOLDER_PATH)/Newspaperss";
			};
			name = Debug;
		};
		3875BC4F2A88E14C0087A1E6 /* Release */ = {
			isa = XCBuildConfiguration;
			buildSettings = {
				ALWAYS_EMBED_SWIFT_STANDARD_LIBRARIES = YES;
				CODE_SIGN_STYLE = Automatic;
				CURRENT_PROJECT_VERSION = 1;
				DEVELOPMENT_TEAM = Z6JP26PUUY;
				GENERATE_INFOPLIST_FILE = YES;
				IPHONEOS_DEPLOYMENT_TARGET = 16.4;
				MACOSX_DEPLOYMENT_TARGET = 13.3;
				MARKETING_VERSION = 1.0;
				PRODUCT_BUNDLE_IDENTIFIER = com.GreenHair.Newspaperss.SharedTests;
				PRODUCT_NAME = "$(TARGET_NAME)";
				SDKROOT = auto;
				SUPPORTED_PLATFORMS = "iphoneos iphonesimulator macosx";
				SWIFT_EMIT_LOC_STRINGS = NO;
				SWIFT_VERSION = 5.0;
				TARGETED_DEVICE_FAMILY = "1,2";
				TEST_HOST = "$(BUILT_PRODUCTS_DIR)/Newspaperss.app/$(BUNDLE_EXECUTABLE_FOLDER_PATH)/Newspaperss";
			};
			name = Release;
		};
		38B97E522A753A3B0056B094 /* Debug */ = {
			isa = XCBuildConfiguration;
			buildSettings = {
				ALWAYS_SEARCH_USER_PATHS = NO;
				CLANG_ANALYZER_NONNULL = YES;
				CLANG_ANALYZER_NUMBER_OBJECT_CONVERSION = YES_AGGRESSIVE;
				CLANG_CXX_LANGUAGE_STANDARD = "gnu++20";
				CLANG_ENABLE_MODULES = YES;
				CLANG_ENABLE_OBJC_ARC = YES;
				CLANG_ENABLE_OBJC_WEAK = YES;
				CLANG_WARN_BLOCK_CAPTURE_AUTORELEASING = YES;
				CLANG_WARN_BOOL_CONVERSION = YES;
				CLANG_WARN_COMMA = YES;
				CLANG_WARN_CONSTANT_CONVERSION = YES;
				CLANG_WARN_DEPRECATED_OBJC_IMPLEMENTATIONS = YES;
				CLANG_WARN_DIRECT_OBJC_ISA_USAGE = YES_ERROR;
				CLANG_WARN_DOCUMENTATION_COMMENTS = YES;
				CLANG_WARN_EMPTY_BODY = YES;
				CLANG_WARN_ENUM_CONVERSION = YES;
				CLANG_WARN_INFINITE_RECURSION = YES;
				CLANG_WARN_INT_CONVERSION = YES;
				CLANG_WARN_NON_LITERAL_NULL_CONVERSION = YES;
				CLANG_WARN_OBJC_IMPLICIT_RETAIN_SELF = YES;
				CLANG_WARN_OBJC_LITERAL_CONVERSION = YES;
				CLANG_WARN_OBJC_ROOT_CLASS = YES_ERROR;
				CLANG_WARN_QUOTED_INCLUDE_IN_FRAMEWORK_HEADER = YES;
				CLANG_WARN_RANGE_LOOP_ANALYSIS = YES;
				CLANG_WARN_STRICT_PROTOTYPES = YES;
				CLANG_WARN_SUSPICIOUS_MOVE = YES;
				CLANG_WARN_UNGUARDED_AVAILABILITY = YES_AGGRESSIVE;
				CLANG_WARN_UNREACHABLE_CODE = YES;
				CLANG_WARN__DUPLICATE_METHOD_MATCH = YES;
				COPY_PHASE_STRIP = NO;
				DEBUG_INFORMATION_FORMAT = dwarf;
				ENABLE_STRICT_OBJC_MSGSEND = YES;
				ENABLE_TESTABILITY = YES;
				GCC_C_LANGUAGE_STANDARD = gnu11;
				GCC_DYNAMIC_NO_PIC = NO;
				GCC_NO_COMMON_BLOCKS = YES;
				GCC_OPTIMIZATION_LEVEL = 0;
				GCC_PREPROCESSOR_DEFINITIONS = (
					"DEBUG=1",
					"$(inherited)",
				);
				GCC_WARN_64_TO_32_BIT_CONVERSION = YES;
				GCC_WARN_ABOUT_RETURN_TYPE = YES_ERROR;
				GCC_WARN_UNDECLARED_SELECTOR = YES;
				GCC_WARN_UNINITIALIZED_AUTOS = YES_AGGRESSIVE;
				GCC_WARN_UNUSED_FUNCTION = YES;
				GCC_WARN_UNUSED_VARIABLE = YES;
				IPHONEOS_DEPLOYMENT_TARGET = 15.0;
				MTL_ENABLE_DEBUG_INFO = INCLUDE_SOURCE;
				MTL_FAST_MATH = YES;
				ONLY_ACTIVE_ARCH = YES;
				SDKROOT = iphoneos;
				SWIFT_ACTIVE_COMPILATION_CONDITIONS = DEBUG;
				SWIFT_OPTIMIZATION_LEVEL = "-Onone";
			};
			name = Debug;
		};
		38B97E532A753A3B0056B094 /* Release */ = {
			isa = XCBuildConfiguration;
			buildSettings = {
				ALWAYS_SEARCH_USER_PATHS = NO;
				CLANG_ANALYZER_NONNULL = YES;
				CLANG_ANALYZER_NUMBER_OBJECT_CONVERSION = YES_AGGRESSIVE;
				CLANG_CXX_LANGUAGE_STANDARD = "gnu++20";
				CLANG_ENABLE_MODULES = YES;
				CLANG_ENABLE_OBJC_ARC = YES;
				CLANG_ENABLE_OBJC_WEAK = YES;
				CLANG_WARN_BLOCK_CAPTURE_AUTORELEASING = YES;
				CLANG_WARN_BOOL_CONVERSION = YES;
				CLANG_WARN_COMMA = YES;
				CLANG_WARN_CONSTANT_CONVERSION = YES;
				CLANG_WARN_DEPRECATED_OBJC_IMPLEMENTATIONS = YES;
				CLANG_WARN_DIRECT_OBJC_ISA_USAGE = YES_ERROR;
				CLANG_WARN_DOCUMENTATION_COMMENTS = YES;
				CLANG_WARN_EMPTY_BODY = YES;
				CLANG_WARN_ENUM_CONVERSION = YES;
				CLANG_WARN_INFINITE_RECURSION = YES;
				CLANG_WARN_INT_CONVERSION = YES;
				CLANG_WARN_NON_LITERAL_NULL_CONVERSION = YES;
				CLANG_WARN_OBJC_IMPLICIT_RETAIN_SELF = YES;
				CLANG_WARN_OBJC_LITERAL_CONVERSION = YES;
				CLANG_WARN_OBJC_ROOT_CLASS = YES_ERROR;
				CLANG_WARN_QUOTED_INCLUDE_IN_FRAMEWORK_HEADER = YES;
				CLANG_WARN_RANGE_LOOP_ANALYSIS = YES;
				CLANG_WARN_STRICT_PROTOTYPES = YES;
				CLANG_WARN_SUSPICIOUS_MOVE = YES;
				CLANG_WARN_UNGUARDED_AVAILABILITY = YES_AGGRESSIVE;
				CLANG_WARN_UNREACHABLE_CODE = YES;
				CLANG_WARN__DUPLICATE_METHOD_MATCH = YES;
				COPY_PHASE_STRIP = NO;
				DEBUG_INFORMATION_FORMAT = "dwarf-with-dsym";
				ENABLE_NS_ASSERTIONS = NO;
				ENABLE_STRICT_OBJC_MSGSEND = YES;
				GCC_C_LANGUAGE_STANDARD = gnu11;
				GCC_NO_COMMON_BLOCKS = YES;
				GCC_WARN_64_TO_32_BIT_CONVERSION = YES;
				GCC_WARN_ABOUT_RETURN_TYPE = YES_ERROR;
				GCC_WARN_UNDECLARED_SELECTOR = YES;
				GCC_WARN_UNINITIALIZED_AUTOS = YES_AGGRESSIVE;
				GCC_WARN_UNUSED_FUNCTION = YES;
				GCC_WARN_UNUSED_VARIABLE = YES;
				IPHONEOS_DEPLOYMENT_TARGET = 15.0;
				MTL_ENABLE_DEBUG_INFO = NO;
				MTL_FAST_MATH = YES;
				SDKROOT = iphoneos;
				SWIFT_COMPILATION_MODE = wholemodule;
				SWIFT_OPTIMIZATION_LEVEL = "-O";
				VALIDATE_PRODUCT = YES;
			};
			name = Release;
		};
		38B97E552A753A3B0056B094 /* Debug */ = {
			isa = XCBuildConfiguration;
			buildSettings = {
				ALWAYS_EMBED_SWIFT_STANDARD_LIBRARIES = YES;
				ASSETCATALOG_COMPILER_APPICON_NAME = AppIcon;
				ASSETCATALOG_COMPILER_GLOBAL_ACCENT_COLOR_NAME = AccentColor;
				CLANG_ENABLE_MODULES = YES;
				CODE_SIGN_IDENTITY = "Apple Development";
				CODE_SIGN_STYLE = Automatic;
				CURRENT_PROJECT_VERSION = 6;
				DEVELOPMENT_ASSET_PATHS = "\"Newspaperss/Preview Content\"";
				DEVELOPMENT_TEAM = Z6JP26PUUY;
				ENABLE_PREVIEWS = YES;
				GENERATE_INFOPLIST_FILE = YES;
				INFOPLIST_FILE = Newspaperss/Info.plist;
				INFOPLIST_KEY_LSApplicationCategoryType = "public.app-category.news";
				INFOPLIST_KEY_UIApplicationSceneManifest_Generation = YES;
				INFOPLIST_KEY_UIApplicationSupportsIndirectInputEvents = YES;
				INFOPLIST_KEY_UILaunchScreen_Generation = YES;
				INFOPLIST_KEY_UISupportedInterfaceOrientations_iPad = "UIInterfaceOrientationPortrait UIInterfaceOrientationPortraitUpsideDown UIInterfaceOrientationLandscapeLeft UIInterfaceOrientationLandscapeRight";
				INFOPLIST_KEY_UISupportedInterfaceOrientations_iPhone = "UIInterfaceOrientationPortrait UIInterfaceOrientationLandscapeLeft UIInterfaceOrientationLandscapeRight";
				IPHONEOS_DEPLOYMENT_TARGET = 15.0;
				LD_RUNPATH_SEARCH_PATHS = (
					"$(inherited)",
					"@executable_path/Frameworks",
				);
				MARKETING_VERSION = 0.1;
				OTHER_LDFLAGS = "-ObjC";
				PRODUCT_BUNDLE_IDENTIFIER = com.GreenHair.Newspaperss;
				PRODUCT_NAME = "$(TARGET_NAME)";
				PROVISIONING_PROFILE_SPECIFIER = "";
				SUPPORTED_PLATFORMS = "iphoneos iphonesimulator";
				SUPPORTS_MACCATALYST = NO;
				SUPPORTS_MAC_DESIGNED_FOR_IPHONE_IPAD = NO;
				SWIFT_EMIT_LOC_STRINGS = YES;
				SWIFT_OBJC_BRIDGING_HEADER = "Newspaperss/Engines/RSSFeed/Newspaperss-Bridging-Header.h";
				SWIFT_OPTIMIZATION_LEVEL = "-Onone";
				SWIFT_VERSION = 5.0;
				TARGETED_DEVICE_FAMILY = 1;
			};
			name = Debug;
		};
		38B97E562A753A3B0056B094 /* Release */ = {
			isa = XCBuildConfiguration;
			buildSettings = {
				ALWAYS_EMBED_SWIFT_STANDARD_LIBRARIES = YES;
				ASSETCATALOG_COMPILER_APPICON_NAME = AppIcon;
				ASSETCATALOG_COMPILER_GLOBAL_ACCENT_COLOR_NAME = AccentColor;
				CLANG_ENABLE_MODULES = YES;
				CODE_SIGN_IDENTITY = "Apple Development";
				CODE_SIGN_STYLE = Automatic;
				CURRENT_PROJECT_VERSION = 6;
				DEVELOPMENT_ASSET_PATHS = "\"Newspaperss/Preview Content\"";
				DEVELOPMENT_TEAM = Z6JP26PUUY;
				ENABLE_PREVIEWS = YES;
				GENERATE_INFOPLIST_FILE = YES;
				INFOPLIST_FILE = Newspaperss/Info.plist;
				INFOPLIST_KEY_LSApplicationCategoryType = "public.app-category.news";
				INFOPLIST_KEY_UIApplicationSceneManifest_Generation = YES;
				INFOPLIST_KEY_UIApplicationSupportsIndirectInputEvents = YES;
				INFOPLIST_KEY_UILaunchScreen_Generation = YES;
				INFOPLIST_KEY_UISupportedInterfaceOrientations_iPad = "UIInterfaceOrientationPortrait UIInterfaceOrientationPortraitUpsideDown UIInterfaceOrientationLandscapeLeft UIInterfaceOrientationLandscapeRight";
				INFOPLIST_KEY_UISupportedInterfaceOrientations_iPhone = "UIInterfaceOrientationPortrait UIInterfaceOrientationLandscapeLeft UIInterfaceOrientationLandscapeRight";
				IPHONEOS_DEPLOYMENT_TARGET = 15.0;
				LD_RUNPATH_SEARCH_PATHS = (
					"$(inherited)",
					"@executable_path/Frameworks",
				);
				MARKETING_VERSION = 0.1;
				OTHER_LDFLAGS = "-ObjC";
				PRODUCT_BUNDLE_IDENTIFIER = com.GreenHair.Newspaperss;
				PRODUCT_NAME = "$(TARGET_NAME)";
				PROVISIONING_PROFILE_SPECIFIER = "";
				SUPPORTED_PLATFORMS = "iphoneos iphonesimulator";
				SUPPORTS_MACCATALYST = NO;
				SUPPORTS_MAC_DESIGNED_FOR_IPHONE_IPAD = NO;
				SWIFT_EMIT_LOC_STRINGS = YES;
				SWIFT_OBJC_BRIDGING_HEADER = "Newspaperss/Engines/RSSFeed/Newspaperss-Bridging-Header.h";
				SWIFT_VERSION = 5.0;
				TARGETED_DEVICE_FAMILY = 1;
			};
			name = Release;
		};
/* End XCBuildConfiguration section */

/* Begin XCConfigurationList section */
		3875BC492A88E14C0087A1E6 /* Build configuration list for PBXNativeTarget "Shared" */ = {
			isa = XCConfigurationList;
			buildConfigurations = (
				3875BC4A2A88E14C0087A1E6 /* Debug */,
				3875BC4B2A88E14C0087A1E6 /* Release */,
			);
			defaultConfigurationIsVisible = 0;
			defaultConfigurationName = Release;
		};
		3875BC4D2A88E14C0087A1E6 /* Build configuration list for PBXNativeTarget "SharedTests" */ = {
			isa = XCConfigurationList;
			buildConfigurations = (
				3875BC4E2A88E14C0087A1E6 /* Debug */,
				3875BC4F2A88E14C0087A1E6 /* Release */,
			);
			defaultConfigurationIsVisible = 0;
			defaultConfigurationName = Release;
		};
		38B97E3B2A753A3A0056B094 /* Build configuration list for PBXProject "Newspaperss" */ = {
			isa = XCConfigurationList;
			buildConfigurations = (
				38B97E522A753A3B0056B094 /* Debug */,
				38B97E532A753A3B0056B094 /* Release */,
			);
			defaultConfigurationIsVisible = 0;
			defaultConfigurationName = Release;
		};
		38B97E542A753A3B0056B094 /* Build configuration list for PBXNativeTarget "Newspaperss" */ = {
			isa = XCConfigurationList;
			buildConfigurations = (
				38B97E552A753A3B0056B094 /* Debug */,
				38B97E562A753A3B0056B094 /* Release */,
			);
			defaultConfigurationIsVisible = 0;
			defaultConfigurationName = Release;
		};
/* End XCConfigurationList section */

/* Begin XCRemoteSwiftPackageReference section */
		38B97E572A753B230056B094 /* XCRemoteSwiftPackageReference "swift-package-manager-google-mobile-ads" */ = {
			isa = XCRemoteSwiftPackageReference;
			repositoryURL = "https://github.com/googleads/swift-package-manager-google-mobile-ads.git";
			requirement = {
				kind = upToNextMajorVersion;
				minimumVersion = 10.0.0;
			};
		};
/* End XCRemoteSwiftPackageReference section */

/* Begin XCSwiftPackageProductDependency section */
		38B97E582A753B230056B094 /* GoogleMobileAds */ = {
			isa = XCSwiftPackageProductDependency;
			package = 38B97E572A753B230056B094 /* XCRemoteSwiftPackageReference "swift-package-manager-google-mobile-ads" */;
			productName = GoogleMobileAds;
		};
/* End XCSwiftPackageProductDependency section */

/* Begin XCVersionGroup section */
		38B97E4E2A753A3B0056B094 /* Newspaperss.xcdatamodeld */ = {
			isa = XCVersionGroup;
			children = (
				38B97E4F2A753A3B0056B094 /* Newspaperss.xcdatamodel */,
			);
			currentVersion = 38B97E4F2A753A3B0056B094 /* Newspaperss.xcdatamodel */;
			path = Newspaperss.xcdatamodeld;
			sourceTree = "<group>";
			versionGroupType = wrapper.xcdatamodel;
		};
/* End XCVersionGroup section */
	};
	rootObject = 38B97E382A753A3A0056B094 /* Project object */;
}
