// !$*UTF8*$!
{
	archiveVersion = 1;
	classes = {
	};
	objectVersion = 56;
	objects = {

/* Begin PBXBuildFile section */
		38B97E442A753A3A0056B094 /* NewspaperssApp.swift in Sources */ = {isa = PBXBuildFile; fileRef = 38B97E432A753A3A0056B094 /* NewspaperssApp.swift */; };
		38B97E462A753A3A0056B094 /* ContentView.swift in Sources */ = {isa = PBXBuildFile; fileRef = 38B97E452A753A3A0056B094 /* ContentView.swift */; };
		38B97E482A753A3B0056B094 /* Assets.xcassets in Resources */ = {isa = PBXBuildFile; fileRef = 38B97E472A753A3B0056B094 /* Assets.xcassets */; };
		38B97E4B2A753A3B0056B094 /* Preview Assets.xcassets in Resources */ = {isa = PBXBuildFile; fileRef = 38B97E4A2A753A3B0056B094 /* Preview Assets.xcassets */; };
		38B97E4D2A753A3B0056B094 /* Persistence.swift in Sources */ = {isa = PBXBuildFile; fileRef = 38B97E4C2A753A3B0056B094 /* Persistence.swift */; };
		38B97E502A753A3B0056B094 /* Newspaperss.xcdatamodeld in Sources */ = {isa = PBXBuildFile; fileRef = 38B97E4E2A753A3B0056B094 /* Newspaperss.xcdatamodeld */; };
		38B97E592A753B230056B094 /* GoogleMobileAds in Frameworks */ = {isa = PBXBuildFile; productRef = 38B97E582A753B230056B094 /* GoogleMobileAds */; };
		38B97E5C2A753BE50056B094 /* FeedSourceListView.swift in Sources */ = {isa = PBXBuildFile; fileRef = 38B97E5B2A753BE50056B094 /* FeedSourceListView.swift */; };
		38B97E602A753D5C0056B094 /* URLToStringValueTransformer.swift in Sources */ = {isa = PBXBuildFile; fileRef = 38B97E5F2A753D5C0056B094 /* URLToStringValueTransformer.swift */; };
		38B97E622A7545EF0056B094 /* FeedListView.swift in Sources */ = {isa = PBXBuildFile; fileRef = 38B97E612A7545EF0056B094 /* FeedListView.swift */; };
		38B97E6C2A7552540056B094 /* FeedSourceListDetailEditView.swift in Sources */ = {isa = PBXBuildFile; fileRef = 38B97E6B2A7552540056B094 /* FeedSourceListDetailEditView.swift */; };
		38B97E6E2A755DAC0056B094 /* TextFieldContainerView.swift in Sources */ = {isa = PBXBuildFile; fileRef = 38B97E6D2A755DAC0056B094 /* TextFieldContainerView.swift */; };
		38B97E7E2A7560B80056B094 /* XMLElement.m in Sources */ = {isa = PBXBuildFile; fileRef = 38B97E742A7560B80056B094 /* XMLElement.m */; };
		38B97E7F2A7560B80056B094 /* RSSFeedImageObject.m in Sources */ = {isa = PBXBuildFile; fileRef = 38B97E752A7560B80056B094 /* RSSFeedImageObject.m */; };
		38B97E802A7560B80056B094 /* RSSFeedParserDelegate.m in Sources */ = {isa = PBXBuildFile; fileRef = 38B97E762A7560B80056B094 /* RSSFeedParserDelegate.m */; };
		38B97E812A7560B80056B094 /* RSSFeedChannelObject.m in Sources */ = {isa = PBXBuildFile; fileRef = 38B97E782A7560B80056B094 /* RSSFeedChannelObject.m */; };
		38B97E822A7560B80056B094 /* RSSFeedEngine.m in Sources */ = {isa = PBXBuildFile; fileRef = 38B97E7A2A7560B80056B094 /* RSSFeedEngine.m */; };
		38B97E832A7560B80056B094 /* RSSFeedItemObject.m in Sources */ = {isa = PBXBuildFile; fileRef = 38B97E7D2A7560B80056B094 /* RSSFeedItemObject.m */; };
/* End PBXBuildFile section */

/* Begin PBXFileReference section */
		38B97E402A753A3A0056B094 /* Newspaperss.app */ = {isa = PBXFileReference; explicitFileType = wrapper.application; includeInIndex = 0; path = Newspaperss.app; sourceTree = BUILT_PRODUCTS_DIR; };
		38B97E432A753A3A0056B094 /* NewspaperssApp.swift */ = {isa = PBXFileReference; lastKnownFileType = sourcecode.swift; path = NewspaperssApp.swift; sourceTree = "<group>"; };
		38B97E452A753A3A0056B094 /* ContentView.swift */ = {isa = PBXFileReference; lastKnownFileType = sourcecode.swift; path = ContentView.swift; sourceTree = "<group>"; };
		38B97E472A753A3B0056B094 /* Assets.xcassets */ = {isa = PBXFileReference; lastKnownFileType = folder.assetcatalog; path = Assets.xcassets; sourceTree = "<group>"; };
		38B97E4A2A753A3B0056B094 /* Preview Assets.xcassets */ = {isa = PBXFileReference; lastKnownFileType = folder.assetcatalog; path = "Preview Assets.xcassets"; sourceTree = "<group>"; };
		38B97E4C2A753A3B0056B094 /* Persistence.swift */ = {isa = PBXFileReference; lastKnownFileType = sourcecode.swift; path = Persistence.swift; sourceTree = "<group>"; };
		38B97E4F2A753A3B0056B094 /* Newspaperss.xcdatamodel */ = {isa = PBXFileReference; lastKnownFileType = wrapper.xcdatamodel; path = Newspaperss.xcdatamodel; sourceTree = "<group>"; };
		38B97E512A753A3B0056B094 /* Info.plist */ = {isa = PBXFileReference; lastKnownFileType = text.plist.xml; path = Info.plist; sourceTree = "<group>"; };
		38B97E5B2A753BE50056B094 /* FeedSourceListView.swift */ = {isa = PBXFileReference; lastKnownFileType = sourcecode.swift; path = FeedSourceListView.swift; sourceTree = "<group>"; };
		38B97E5F2A753D5C0056B094 /* URLToStringValueTransformer.swift */ = {isa = PBXFileReference; lastKnownFileType = sourcecode.swift; path = URLToStringValueTransformer.swift; sourceTree = "<group>"; };
		38B97E612A7545EF0056B094 /* FeedListView.swift */ = {isa = PBXFileReference; lastKnownFileType = sourcecode.swift; path = FeedListView.swift; sourceTree = "<group>"; };
		38B97E6B2A7552540056B094 /* FeedSourceListDetailEditView.swift */ = {isa = PBXFileReference; lastKnownFileType = sourcecode.swift; path = FeedSourceListDetailEditView.swift; sourceTree = "<group>"; };
		38B97E6D2A755DAC0056B094 /* TextFieldContainerView.swift */ = {isa = PBXFileReference; lastKnownFileType = sourcecode.swift; path = TextFieldContainerView.swift; sourceTree = "<group>"; };
		38B97E702A7560B70056B094 /* Newspaperss-Bridging-Header.h */ = {isa = PBXFileReference; lastKnownFileType = sourcecode.c.h; path = "Newspaperss-Bridging-Header.h"; sourceTree = "<group>"; };
		38B97E712A7560B70056B094 /* XMLElement.h */ = {isa = PBXFileReference; fileEncoding = 4; lastKnownFileType = sourcecode.c.h; path = XMLElement.h; sourceTree = "<group>"; };
		38B97E722A7560B80056B094 /* RSSFeedParserDelegateReceiver.h */ = {isa = PBXFileReference; fileEncoding = 4; lastKnownFileType = sourcecode.c.h; path = RSSFeedParserDelegateReceiver.h; sourceTree = "<group>"; };
		38B97E732A7560B80056B094 /* RSSFeedChannelObject.h */ = {isa = PBXFileReference; fileEncoding = 4; lastKnownFileType = sourcecode.c.h; path = RSSFeedChannelObject.h; sourceTree = "<group>"; };
		38B97E742A7560B80056B094 /* XMLElement.m */ = {isa = PBXFileReference; fileEncoding = 4; lastKnownFileType = sourcecode.c.objc; path = XMLElement.m; sourceTree = "<group>"; };
		38B97E752A7560B80056B094 /* RSSFeedImageObject.m */ = {isa = PBXFileReference; fileEncoding = 4; lastKnownFileType = sourcecode.c.objc; path = RSSFeedImageObject.m; sourceTree = "<group>"; };
		38B97E762A7560B80056B094 /* RSSFeedParserDelegate.m */ = {isa = PBXFileReference; fileEncoding = 4; lastKnownFileType = sourcecode.c.objc; path = RSSFeedParserDelegate.m; sourceTree = "<group>"; };
		38B97E772A7560B80056B094 /* RSSFeedItemObject.h */ = {isa = PBXFileReference; fileEncoding = 4; lastKnownFileType = sourcecode.c.h; path = RSSFeedItemObject.h; sourceTree = "<group>"; };
		38B97E782A7560B80056B094 /* RSSFeedChannelObject.m */ = {isa = PBXFileReference; fileEncoding = 4; lastKnownFileType = sourcecode.c.objc; path = RSSFeedChannelObject.m; sourceTree = "<group>"; };
		38B97E792A7560B80056B094 /* RSSFeedParserDelegate.h */ = {isa = PBXFileReference; fileEncoding = 4; lastKnownFileType = sourcecode.c.h; path = RSSFeedParserDelegate.h; sourceTree = "<group>"; };
		38B97E7A2A7560B80056B094 /* RSSFeedEngine.m */ = {isa = PBXFileReference; fileEncoding = 4; lastKnownFileType = sourcecode.c.objc; path = RSSFeedEngine.m; sourceTree = "<group>"; };
		38B97E7B2A7560B80056B094 /* RSSFeedImageObject.h */ = {isa = PBXFileReference; fileEncoding = 4; lastKnownFileType = sourcecode.c.h; path = RSSFeedImageObject.h; sourceTree = "<group>"; };
		38B97E7C2A7560B80056B094 /* RSSFeedEngine.h */ = {isa = PBXFileReference; fileEncoding = 4; lastKnownFileType = sourcecode.c.h; path = RSSFeedEngine.h; sourceTree = "<group>"; };
		38B97E7D2A7560B80056B094 /* RSSFeedItemObject.m */ = {isa = PBXFileReference; fileEncoding = 4; lastKnownFileType = sourcecode.c.objc; path = RSSFeedItemObject.m; sourceTree = "<group>"; };
/* End PBXFileReference section */

/* Begin PBXFrameworksBuildPhase section */
		38B97E3D2A753A3A0056B094 /* Frameworks */ = {
			isa = PBXFrameworksBuildPhase;
			buildActionMask = 2147483647;
			files = (
				38B97E592A753B230056B094 /* GoogleMobileAds in Frameworks */,
			);
			runOnlyForDeploymentPostprocessing = 0;
		};
/* End PBXFrameworksBuildPhase section */

/* Begin PBXGroup section */
		38B97E372A753A3A0056B094 = {
			isa = PBXGroup;
			children = (
				38B97E422A753A3A0056B094 /* Newspaperss */,
				38B97E412A753A3A0056B094 /* Products */,
			);
			sourceTree = "<group>";
		};
		38B97E412A753A3A0056B094 /* Products */ = {
			isa = PBXGroup;
			children = (
				38B97E402A753A3A0056B094 /* Newspaperss.app */,
			);
			name = Products;
			sourceTree = "<group>";
		};
		38B97E422A753A3A0056B094 /* Newspaperss */ = {
			isa = PBXGroup;
			children = (
				38B97E432A753A3A0056B094 /* NewspaperssApp.swift */,
				38B97E5A2A753BB50056B094 /* Views */,
				38B97E472A753A3B0056B094 /* Assets.xcassets */,
				38B97E5D2A753D1C0056B094 /* Engines */,
				38B97E512A753A3B0056B094 /* Info.plist */,
				38B97E4E2A753A3B0056B094 /* Newspaperss.xcdatamodeld */,
				38B97E492A753A3B0056B094 /* Preview Content */,
			);
			path = Newspaperss;
			sourceTree = "<group>";
		};
		38B97E492A753A3B0056B094 /* Preview Content */ = {
			isa = PBXGroup;
			children = (
				38B97E4A2A753A3B0056B094 /* Preview Assets.xcassets */,
			);
			path = "Preview Content";
			sourceTree = "<group>";
		};
		38B97E5A2A753BB50056B094 /* Views */ = {
			isa = PBXGroup;
			children = (
				38B97E452A753A3A0056B094 /* ContentView.swift */,
				38B97E612A7545EF0056B094 /* FeedListView.swift */,
				38B97E5B2A753BE50056B094 /* FeedSourceListView.swift */,
				38B97E6B2A7552540056B094 /* FeedSourceListDetailEditView.swift */,
				38B97E6D2A755DAC0056B094 /* TextFieldContainerView.swift */,
			);
			path = Views;
			sourceTree = "<group>";
		};
		38B97E5D2A753D1C0056B094 /* Engines */ = {
			isa = PBXGroup;
			children = (
				38B97E6F2A7560690056B094 /* RSSFeed */,
				38B97E5E2A753D410056B094 /* Persistence */,
			);
			path = Engines;
			sourceTree = "<group>";
		};
		38B97E5E2A753D410056B094 /* Persistence */ = {
			isa = PBXGroup;
			children = (
				38B97E4C2A753A3B0056B094 /* Persistence.swift */,
				38B97E5F2A753D5C0056B094 /* URLToStringValueTransformer.swift */,
			);
			path = Persistence;
			sourceTree = "<group>";
		};
		38B97E6F2A7560690056B094 /* RSSFeed */ = {
			isa = PBXGroup;
			children = (
				38B97E732A7560B80056B094 /* RSSFeedChannelObject.h */,
				38B97E782A7560B80056B094 /* RSSFeedChannelObject.m */,
				38B97E7C2A7560B80056B094 /* RSSFeedEngine.h */,
				38B97E7A2A7560B80056B094 /* RSSFeedEngine.m */,
				38B97E7B2A7560B80056B094 /* RSSFeedImageObject.h */,
				38B97E752A7560B80056B094 /* RSSFeedImageObject.m */,
				38B97E772A7560B80056B094 /* RSSFeedItemObject.h */,
				38B97E7D2A7560B80056B094 /* RSSFeedItemObject.m */,
				38B97E792A7560B80056B094 /* RSSFeedParserDelegate.h */,
				38B97E762A7560B80056B094 /* RSSFeedParserDelegate.m */,
				38B97E722A7560B80056B094 /* RSSFeedParserDelegateReceiver.h */,
				38B97E712A7560B70056B094 /* XMLElement.h */,
				38B97E742A7560B80056B094 /* XMLElement.m */,
				38B97E702A7560B70056B094 /* Newspaperss-Bridging-Header.h */,
			);
			path = RSSFeed;
			sourceTree = "<group>";
		};
/* End PBXGroup section */

/* Begin PBXNativeTarget section */
		38B97E3F2A753A3A0056B094 /* Newspaperss */ = {
			isa = PBXNativeTarget;
			buildConfigurationList = 38B97E542A753A3B0056B094 /* Build configuration list for PBXNativeTarget "Newspaperss" */;
			buildPhases = (
				38B97E3C2A753A3A0056B094 /* Sources */,
				38B97E3D2A753A3A0056B094 /* Frameworks */,
				38B97E3E2A753A3A0056B094 /* Resources */,
			);
			buildRules = (
			);
			dependencies = (
			);
			name = Newspaperss;
			packageProductDependencies = (
				38B97E582A753B230056B094 /* GoogleMobileAds */,
			);
			productName = Newspaperss;
			productReference = 38B97E402A753A3A0056B094 /* Newspaperss.app */;
			productType = "com.apple.product-type.application";
		};
/* End PBXNativeTarget section */

/* Begin PBXProject section */
		38B97E382A753A3A0056B094 /* Project object */ = {
			isa = PBXProject;
			attributes = {
				BuildIndependentTargetsInParallel = 1;
				LastSwiftUpdateCheck = 1430;
				LastUpgradeCheck = 1430;
				TargetAttributes = {
					38B97E3F2A753A3A0056B094 = {
						CreatedOnToolsVersion = 14.3.1;
						LastSwiftMigration = 1430;
					};
				};
			};
			buildConfigurationList = 38B97E3B2A753A3A0056B094 /* Build configuration list for PBXProject "Newspaperss" */;
			compatibilityVersion = "Xcode 14.0";
			developmentRegion = en;
			hasScannedForEncodings = 0;
			knownRegions = (
				en,
				Base,
			);
			mainGroup = 38B97E372A753A3A0056B094;
			packageReferences = (
				38B97E572A753B230056B094 /* XCRemoteSwiftPackageReference "swift-package-manager-google-mobile-ads" */,
			);
			productRefGroup = 38B97E412A753A3A0056B094 /* Products */;
			projectDirPath = "";
			projectRoot = "";
			targets = (
				38B97E3F2A753A3A0056B094 /* Newspaperss */,
			);
		};
/* End PBXProject section */

/* Begin PBXResourcesBuildPhase section */
		38B97E3E2A753A3A0056B094 /* Resources */ = {
			isa = PBXResourcesBuildPhase;
			buildActionMask = 2147483647;
			files = (
				38B97E4B2A753A3B0056B094 /* Preview Assets.xcassets in Resources */,
				38B97E482A753A3B0056B094 /* Assets.xcassets in Resources */,
			);
			runOnlyForDeploymentPostprocessing = 0;
		};
/* End PBXResourcesBuildPhase section */

/* Begin PBXSourcesBuildPhase section */
		38B97E3C2A753A3A0056B094 /* Sources */ = {
			isa = PBXSourcesBuildPhase;
			buildActionMask = 2147483647;
			files = (
				38B97E832A7560B80056B094 /* RSSFeedItemObject.m in Sources */,
				38B97E4D2A753A3B0056B094 /* Persistence.swift in Sources */,
				38B97E822A7560B80056B094 /* RSSFeedEngine.m in Sources */,
				38B97E602A753D5C0056B094 /* URLToStringValueTransformer.swift in Sources */,
				38B97E6C2A7552540056B094 /* FeedSourceListDetailEditView.swift in Sources */,
				38B97E6E2A755DAC0056B094 /* TextFieldContainerView.swift in Sources */,
				38B97E802A7560B80056B094 /* RSSFeedParserDelegate.m in Sources */,
				38B97E5C2A753BE50056B094 /* FeedSourceListView.swift in Sources */,
				38B97E7E2A7560B80056B094 /* XMLElement.m in Sources */,
				38B97E462A753A3A0056B094 /* ContentView.swift in Sources */,
				38B97E442A753A3A0056B094 /* NewspaperssApp.swift in Sources */,
				38B97E7F2A7560B80056B094 /* RSSFeedImageObject.m in Sources */,
				38B97E502A753A3B0056B094 /* Newspaperss.xcdatamodeld in Sources */,
				38B97E622A7545EF0056B094 /* FeedListView.swift in Sources */,
				38B97E812A7560B80056B094 /* RSSFeedChannelObject.m in Sources */,
			);
			runOnlyForDeploymentPostprocessing = 0;
		};
/* End PBXSourcesBuildPhase section */

/* Begin XCBuildConfiguration section */
		38B97E522A753A3B0056B094 /* Debug */ = {
			isa = XCBuildConfiguration;
			buildSettings = {
				ALWAYS_SEARCH_USER_PATHS = NO;
				CLANG_ANALYZER_NONNULL = YES;
				CLANG_ANALYZER_NUMBER_OBJECT_CONVERSION = YES_AGGRESSIVE;
				CLANG_CXX_LANGUAGE_STANDARD = "gnu++20";
				CLANG_ENABLE_MODULES = YES;
				CLANG_ENABLE_OBJC_ARC = YES;
				CLANG_ENABLE_OBJC_WEAK = YES;
				CLANG_WARN_BLOCK_CAPTURE_AUTORELEASING = YES;
				CLANG_WARN_BOOL_CONVERSION = YES;
				CLANG_WARN_COMMA = YES;
				CLANG_WARN_CONSTANT_CONVERSION = YES;
				CLANG_WARN_DEPRECATED_OBJC_IMPLEMENTATIONS = YES;
				CLANG_WARN_DIRECT_OBJC_ISA_USAGE = YES_ERROR;
				CLANG_WARN_DOCUMENTATION_COMMENTS = YES;
				CLANG_WARN_EMPTY_BODY = YES;
				CLANG_WARN_ENUM_CONVERSION = YES;
				CLANG_WARN_INFINITE_RECURSION = YES;
				CLANG_WARN_INT_CONVERSION = YES;
				CLANG_WARN_NON_LITERAL_NULL_CONVERSION = YES;
				CLANG_WARN_OBJC_IMPLICIT_RETAIN_SELF = YES;
				CLANG_WARN_OBJC_LITERAL_CONVERSION = YES;
				CLANG_WARN_OBJC_ROOT_CLASS = YES_ERROR;
				CLANG_WARN_QUOTED_INCLUDE_IN_FRAMEWORK_HEADER = YES;
				CLANG_WARN_RANGE_LOOP_ANALYSIS = YES;
				CLANG_WARN_STRICT_PROTOTYPES = YES;
				CLANG_WARN_SUSPICIOUS_MOVE = YES;
				CLANG_WARN_UNGUARDED_AVAILABILITY = YES_AGGRESSIVE;
				CLANG_WARN_UNREACHABLE_CODE = YES;
				CLANG_WARN__DUPLICATE_METHOD_MATCH = YES;
				COPY_PHASE_STRIP = NO;
				DEBUG_INFORMATION_FORMAT = dwarf;
				ENABLE_STRICT_OBJC_MSGSEND = YES;
				ENABLE_TESTABILITY = YES;
				GCC_C_LANGUAGE_STANDARD = gnu11;
				GCC_DYNAMIC_NO_PIC = NO;
				GCC_NO_COMMON_BLOCKS = YES;
				GCC_OPTIMIZATION_LEVEL = 0;
				GCC_PREPROCESSOR_DEFINITIONS = (
					"DEBUG=1",
					"$(inherited)",
				);
				GCC_WARN_64_TO_32_BIT_CONVERSION = YES;
				GCC_WARN_ABOUT_RETURN_TYPE = YES_ERROR;
				GCC_WARN_UNDECLARED_SELECTOR = YES;
				GCC_WARN_UNINITIALIZED_AUTOS = YES_AGGRESSIVE;
				GCC_WARN_UNUSED_FUNCTION = YES;
				GCC_WARN_UNUSED_VARIABLE = YES;
				IPHONEOS_DEPLOYMENT_TARGET = 16.4;
				MTL_ENABLE_DEBUG_INFO = INCLUDE_SOURCE;
				MTL_FAST_MATH = YES;
				ONLY_ACTIVE_ARCH = YES;
				SDKROOT = iphoneos;
				SWIFT_ACTIVE_COMPILATION_CONDITIONS = DEBUG;
				SWIFT_OPTIMIZATION_LEVEL = "-Onone";
			};
			name = Debug;
		};
		38B97E532A753A3B0056B094 /* Release */ = {
			isa = XCBuildConfiguration;
			buildSettings = {
				ALWAYS_SEARCH_USER_PATHS = NO;
				CLANG_ANALYZER_NONNULL = YES;
				CLANG_ANALYZER_NUMBER_OBJECT_CONVERSION = YES_AGGRESSIVE;
				CLANG_CXX_LANGUAGE_STANDARD = "gnu++20";
				CLANG_ENABLE_MODULES = YES;
				CLANG_ENABLE_OBJC_ARC = YES;
				CLANG_ENABLE_OBJC_WEAK = YES;
				CLANG_WARN_BLOCK_CAPTURE_AUTORELEASING = YES;
				CLANG_WARN_BOOL_CONVERSION = YES;
				CLANG_WARN_COMMA = YES;
				CLANG_WARN_CONSTANT_CONVERSION = YES;
				CLANG_WARN_DEPRECATED_OBJC_IMPLEMENTATIONS = YES;
				CLANG_WARN_DIRECT_OBJC_ISA_USAGE = YES_ERROR;
				CLANG_WARN_DOCUMENTATION_COMMENTS = YES;
				CLANG_WARN_EMPTY_BODY = YES;
				CLANG_WARN_ENUM_CONVERSION = YES;
				CLANG_WARN_INFINITE_RECURSION = YES;
				CLANG_WARN_INT_CONVERSION = YES;
				CLANG_WARN_NON_LITERAL_NULL_CONVERSION = YES;
				CLANG_WARN_OBJC_IMPLICIT_RETAIN_SELF = YES;
				CLANG_WARN_OBJC_LITERAL_CONVERSION = YES;
				CLANG_WARN_OBJC_ROOT_CLASS = YES_ERROR;
				CLANG_WARN_QUOTED_INCLUDE_IN_FRAMEWORK_HEADER = YES;
				CLANG_WARN_RANGE_LOOP_ANALYSIS = YES;
				CLANG_WARN_STRICT_PROTOTYPES = YES;
				CLANG_WARN_SUSPICIOUS_MOVE = YES;
				CLANG_WARN_UNGUARDED_AVAILABILITY = YES_AGGRESSIVE;
				CLANG_WARN_UNREACHABLE_CODE = YES;
				CLANG_WARN__DUPLICATE_METHOD_MATCH = YES;
				COPY_PHASE_STRIP = NO;
				DEBUG_INFORMATION_FORMAT = "dwarf-with-dsym";
				ENABLE_NS_ASSERTIONS = NO;
				ENABLE_STRICT_OBJC_MSGSEND = YES;
				GCC_C_LANGUAGE_STANDARD = gnu11;
				GCC_NO_COMMON_BLOCKS = YES;
				GCC_WARN_64_TO_32_BIT_CONVERSION = YES;
				GCC_WARN_ABOUT_RETURN_TYPE = YES_ERROR;
				GCC_WARN_UNDECLARED_SELECTOR = YES;
				GCC_WARN_UNINITIALIZED_AUTOS = YES_AGGRESSIVE;
				GCC_WARN_UNUSED_FUNCTION = YES;
				GCC_WARN_UNUSED_VARIABLE = YES;
				IPHONEOS_DEPLOYMENT_TARGET = 16.4;
				MTL_ENABLE_DEBUG_INFO = NO;
				MTL_FAST_MATH = YES;
				SDKROOT = iphoneos;
				SWIFT_COMPILATION_MODE = wholemodule;
				SWIFT_OPTIMIZATION_LEVEL = "-O";
				VALIDATE_PRODUCT = YES;
			};
			name = Release;
		};
		38B97E552A753A3B0056B094 /* Debug */ = {
			isa = XCBuildConfiguration;
			buildSettings = {
				ASSETCATALOG_COMPILER_APPICON_NAME = AppIcon;
				ASSETCATALOG_COMPILER_GLOBAL_ACCENT_COLOR_NAME = AccentColor;
				CLANG_ENABLE_MODULES = YES;
				CODE_SIGN_STYLE = Automatic;
				CURRENT_PROJECT_VERSION = 1;
				DEVELOPMENT_ASSET_PATHS = "\"Newspaperss/Preview Content\"";
				DEVELOPMENT_TEAM = Z6JP26PUUY;
				ENABLE_PREVIEWS = YES;
				GENERATE_INFOPLIST_FILE = YES;
				INFOPLIST_KEY_LSApplicationCategoryType = "public.app-category.news";
				INFOPLIST_KEY_UIApplicationSceneManifest_Generation = YES;
				INFOPLIST_KEY_UIApplicationSupportsIndirectInputEvents = YES;
				INFOPLIST_KEY_UILaunchScreen_Generation = YES;
				INFOPLIST_KEY_UISupportedInterfaceOrientations_iPad = "UIInterfaceOrientationPortrait UIInterfaceOrientationPortraitUpsideDown UIInterfaceOrientationLandscapeLeft UIInterfaceOrientationLandscapeRight";
				INFOPLIST_KEY_UISupportedInterfaceOrientations_iPhone = "UIInterfaceOrientationPortrait UIInterfaceOrientationLandscapeLeft UIInterfaceOrientationLandscapeRight";
				LD_RUNPATH_SEARCH_PATHS = (
					"$(inherited)",
					"@executable_path/Frameworks",
				);
				MARKETING_VERSION = 0.1;
				PRODUCT_BUNDLE_IDENTIFIER = com.GreenHair.Newspaperss;
				PRODUCT_NAME = "$(TARGET_NAME)";
				SWIFT_EMIT_LOC_STRINGS = YES;
				SWIFT_OBJC_BRIDGING_HEADER = "Newspaperss/Engines/RSSFeed/Newspaperss-Bridging-Header.h";
				SWIFT_OPTIMIZATION_LEVEL = "-Onone";
				SWIFT_VERSION = 5.0;
				TARGETED_DEVICE_FAMILY = "1,2";
			};
			name = Debug;
		};
		38B97E562A753A3B0056B094 /* Release */ = {
			isa = XCBuildConfiguration;
			buildSettings = {
				ASSETCATALOG_COMPILER_APPICON_NAME = AppIcon;
				ASSETCATALOG_COMPILER_GLOBAL_ACCENT_COLOR_NAME = AccentColor;
				CLANG_ENABLE_MODULES = YES;
				CODE_SIGN_STYLE = Automatic;
				CURRENT_PROJECT_VERSION = 1;
				DEVELOPMENT_ASSET_PATHS = "\"Newspaperss/Preview Content\"";
				DEVELOPMENT_TEAM = Z6JP26PUUY;
				ENABLE_PREVIEWS = YES;
				GENERATE_INFOPLIST_FILE = YES;
				INFOPLIST_KEY_LSApplicationCategoryType = "public.app-category.news";
				INFOPLIST_KEY_UIApplicationSceneManifest_Generation = YES;
				INFOPLIST_KEY_UIApplicationSupportsIndirectInputEvents = YES;
				INFOPLIST_KEY_UILaunchScreen_Generation = YES;
				INFOPLIST_KEY_UISupportedInterfaceOrientations_iPad = "UIInterfaceOrientationPortrait UIInterfaceOrientationPortraitUpsideDown UIInterfaceOrientationLandscapeLeft UIInterfaceOrientationLandscapeRight";
				INFOPLIST_KEY_UISupportedInterfaceOrientations_iPhone = "UIInterfaceOrientationPortrait UIInterfaceOrientationLandscapeLeft UIInterfaceOrientationLandscapeRight";
				LD_RUNPATH_SEARCH_PATHS = (
					"$(inherited)",
					"@executable_path/Frameworks",
				);
				MARKETING_VERSION = 0.1;
				PRODUCT_BUNDLE_IDENTIFIER = com.GreenHair.Newspaperss;
				PRODUCT_NAME = "$(TARGET_NAME)";
				SWIFT_EMIT_LOC_STRINGS = YES;
				SWIFT_OBJC_BRIDGING_HEADER = "Newspaperss/Engines/RSSFeed/Newspaperss-Bridging-Header.h";
				SWIFT_VERSION = 5.0;
				TARGETED_DEVICE_FAMILY = "1,2";
			};
			name = Release;
		};
/* End XCBuildConfiguration section */

/* Begin XCConfigurationList section */
		38B97E3B2A753A3A0056B094 /* Build configuration list for PBXProject "Newspaperss" */ = {
			isa = XCConfigurationList;
			buildConfigurations = (
				38B97E522A753A3B0056B094 /* Debug */,
				38B97E532A753A3B0056B094 /* Release */,
			);
			defaultConfigurationIsVisible = 0;
			defaultConfigurationName = Release;
		};
		38B97E542A753A3B0056B094 /* Build configuration list for PBXNativeTarget "Newspaperss" */ = {
			isa = XCConfigurationList;
			buildConfigurations = (
				38B97E552A753A3B0056B094 /* Debug */,
				38B97E562A753A3B0056B094 /* Release */,
			);
			defaultConfigurationIsVisible = 0;
			defaultConfigurationName = Release;
		};
/* End XCConfigurationList section */

/* Begin XCRemoteSwiftPackageReference section */
		38B97E572A753B230056B094 /* XCRemoteSwiftPackageReference "swift-package-manager-google-mobile-ads" */ = {
			isa = XCRemoteSwiftPackageReference;
			repositoryURL = "https://github.com/googleads/swift-package-manager-google-mobile-ads.git";
			requirement = {
				kind = upToNextMajorVersion;
				minimumVersion = 10.0.0;
			};
		};
/* End XCRemoteSwiftPackageReference section */

/* Begin XCSwiftPackageProductDependency section */
		38B97E582A753B230056B094 /* GoogleMobileAds */ = {
			isa = XCSwiftPackageProductDependency;
			package = 38B97E572A753B230056B094 /* XCRemoteSwiftPackageReference "swift-package-manager-google-mobile-ads" */;
			productName = GoogleMobileAds;
		};
/* End XCSwiftPackageProductDependency section */

/* Begin XCVersionGroup section */
		38B97E4E2A753A3B0056B094 /* Newspaperss.xcdatamodeld */ = {
			isa = XCVersionGroup;
			children = (
				38B97E4F2A753A3B0056B094 /* Newspaperss.xcdatamodel */,
			);
			currentVersion = 38B97E4F2A753A3B0056B094 /* Newspaperss.xcdatamodel */;
			path = Newspaperss.xcdatamodeld;
			sourceTree = "<group>";
			versionGroupType = wrapper.xcdatamodel;
		};
/* End XCVersionGroup section */
	};
	rootObject = 38B97E382A753A3A0056B094 /* Project object */;
}
